
Microsoft Visual Studio Solution File, Format Version 12.00
# Visual Studio Version 16
VisualStudioVersion = 16.0.30204.135
MinimumVisualStudioVersion = 10.0.40219.1
Project("{FAE04EC0-301F-11D3-BF4B-00C04F79EFBC}") = "ASPNet-Practice-Project", "ASPNet-Practice-Project\ASPNet-Practice-Project.csproj", "{B18DCD27-1538-4D7F-B25A-DCD0A10FC0C1}"
EndProject
Global
	GlobalSection(SolutionConfigurationPlatforms) = preSolution
		Debug|Any CPU = Debug|Any CPU
		Release|Any CPU = Release|Any CPU
	EndGlobalSection
	GlobalSection(ProjectConfigurationPlatforms) = postSolution
		{B18DCD27-1538-4D7F-B25A-DCD0A10FC0C1}.Debug|Any CPU.ActiveCfg = Debug|Any CPU
		{B18DCD27-1538-4D7F-B25A-DCD0A10FC0C1}.Debug|Any CPU.Build.0 = Debug|Any CPU
		{B18DCD27-1538-4D7F-B25A-DCD0A10FC0C1}.Release|Any CPU.ActiveCfg = Release|Any CPU
		{B18DCD27-1538-4D7F-B25A-DCD0A10FC0C1}.Release|Any CPU.Build.0 = Release|Any CPU
	EndGlobalSection
	GlobalSection(SolutionProperties) = preSolution
		HideSolutionNode = FALSE
	EndGlobalSection
	GlobalSection(ExtensibilityGlobals) = postSolution
		SolutionGuid = {D832EFFD-B2B6-42C9-99C8-8C073AF4A756}
	EndGlobalSection
EndGlobal
